// !$*UTF8*$!
{
	archiveVersion = 1;
	classes = {
	};
	objectVersion = 46;
	objects = {

/* Begin PBXBuildFile section */
		305A72C2A2B04B79BABB4A5B /* libPods.a in Frameworks */ = {isa = PBXBuildFile; fileRef = 861D5B4AEACB43098D113584 /* libPods.a */; };
		9622946519196661002861DB /* GTButtonCell.m in Sources */ = {isa = PBXBuildFile; fileRef = 9622946419196661002861DB /* GTButtonCell.m */; };
		964E844B191EB0C0008A304D /* GTSymbolViewController.m in Sources */ = {isa = PBXBuildFile; fileRef = 964E844A191EB0C0008A304D /* GTSymbolViewController.m */; };
		96554830191E7F5F00699CC9 /* GTZalgoFooterView.m in Sources */ = {isa = PBXBuildFile; fileRef = 9655482F191E7F5F00699CC9 /* GTZalgoFooterView.m */; };
		96554833191E84B900699CC9 /* GTTextRange.m in Sources */ = {isa = PBXBuildFile; fileRef = 96554832191E84B900699CC9 /* GTTextRange.m */; };
		968B72E5190FE11C00D2B288 /* Foundation.framework in Frameworks */ = {isa = PBXBuildFile; fileRef = 968B72E4190FE11C00D2B288 /* Foundation.framework */; };
		968B72E7190FE11C00D2B288 /* CoreGraphics.framework in Frameworks */ = {isa = PBXBuildFile; fileRef = 968B72E6190FE11C00D2B288 /* CoreGraphics.framework */; };
		968B72E9190FE11C00D2B288 /* UIKit.framework in Frameworks */ = {isa = PBXBuildFile; fileRef = 968B72E8190FE11C00D2B288 /* UIKit.framework */; };
		968B72EF190FE11C00D2B288 /* InfoPlist.strings in Resources */ = {isa = PBXBuildFile; fileRef = 968B72ED190FE11C00D2B288 /* InfoPlist.strings */; };
		968B72F1190FE11C00D2B288 /* main.m in Sources */ = {isa = PBXBuildFile; fileRef = 968B72F0190FE11C00D2B288 /* main.m */; };
		968B72F5190FE11C00D2B288 /* GTAppDelegate.m in Sources */ = {isa = PBXBuildFile; fileRef = 968B72F4190FE11C00D2B288 /* GTAppDelegate.m */; };
		968B72F8190FE11C00D2B288 /* Main_iPhone.storyboard in Resources */ = {isa = PBXBuildFile; fileRef = 968B72F6190FE11C00D2B288 /* Main_iPhone.storyboard */; };
		968B72FB190FE11C00D2B288 /* Main_iPad.storyboard in Resources */ = {isa = PBXBuildFile; fileRef = 968B72F9190FE11C00D2B288 /* Main_iPad.storyboard */; };
		968B72FE190FE11C00D2B288 /* GTMainViewController.m in Sources */ = {isa = PBXBuildFile; fileRef = 968B72FD190FE11C00D2B288 /* GTMainViewController.m */; };
		968B7300190FE11C00D2B288 /* Images.xcassets in Resources */ = {isa = PBXBuildFile; fileRef = 968B72FF190FE11C00D2B288 /* Images.xcassets */; };
		968B7307190FE11C00D2B288 /* XCTest.framework in Frameworks */ = {isa = PBXBuildFile; fileRef = 968B7306190FE11C00D2B288 /* XCTest.framework */; };
		968B7308190FE11C00D2B288 /* Foundation.framework in Frameworks */ = {isa = PBXBuildFile; fileRef = 968B72E4190FE11C00D2B288 /* Foundation.framework */; };
		968B7309190FE11C00D2B288 /* UIKit.framework in Frameworks */ = {isa = PBXBuildFile; fileRef = 968B72E8190FE11C00D2B288 /* UIKit.framework */; };
		968B7311190FE11C00D2B288 /* InfoPlist.strings in Resources */ = {isa = PBXBuildFile; fileRef = 968B730F190FE11C00D2B288 /* InfoPlist.strings */; };
		968B7313190FE11C00D2B288 /* GlitchTextTests.m in Sources */ = {isa = PBXBuildFile; fileRef = 968B7312190FE11C00D2B288 /* GlitchTextTests.m */; };
		96AF73F919196382007BB4DD /* GTGlitchViewController.m in Sources */ = {isa = PBXBuildFile; fileRef = 96AF73F819196382007BB4DD /* GTGlitchViewController.m */; };
		96D0D7FF19194EB700542773 /* GTFontTableViewController.m in Sources */ = {isa = PBXBuildFile; fileRef = 96D0D7FE19194EB700542773 /* GTFontTableViewController.m */; };
		96D16CD919196F3E00A56728 /* GTSectionHeaderView.m in Sources */ = {isa = PBXBuildFile; fileRef = 96D16CD819196F3E00A56728 /* GTSectionHeaderView.m */; };
		96D38711191B486D00989B8F /* NSArray+GlitchText.m in Sources */ = {isa = PBXBuildFile; fileRef = 96D38710191B486D00989B8F /* NSArray+GlitchText.m */; };
		96D38715191B531F00989B8F /* GTTextView.m in Sources */ = {isa = PBXBuildFile; fileRef = 96D38714191B531F00989B8F /* GTTextView.m */; };
		96D38719191B57AA00989B8F /* GTFixedHeaderLayout.m in Sources */ = {isa = PBXBuildFile; fileRef = 96D38718191B57AA00989B8F /* GTFixedHeaderLayout.m */; };
		96E43225191559F800D617C2 /* GTZalgo.m in Sources */ = {isa = PBXBuildFile; fileRef = 96E43224191559F800D617C2 /* GTZalgo.m */; };
		96E432281915615900D617C2 /* NSString+GlitchText.m in Sources */ = {isa = PBXBuildFile; fileRef = 96E432271915615900D617C2 /* NSString+GlitchText.m */; };
/* End PBXBuildFile section */

/* Begin PBXContainerItemProxy section */
		968B730A190FE11C00D2B288 /* PBXContainerItemProxy */ = {
			isa = PBXContainerItemProxy;
			containerPortal = 968B72D9190FE11C00D2B288 /* Project object */;
			proxyType = 1;
			remoteGlobalIDString = 968B72E0190FE11C00D2B288;
			remoteInfo = GlitchText;
		};
/* End PBXContainerItemProxy section */

/* Begin PBXFileReference section */
		861D5B4AEACB43098D113584 /* libPods.a */ = {isa = PBXFileReference; explicitFileType = archive.ar; includeInIndex = 0; path = libPods.a; sourceTree = BUILT_PRODUCTS_DIR; };
		9622946319196661002861DB /* GTButtonCell.h */ = {isa = PBXFileReference; fileEncoding = 4; lastKnownFileType = sourcecode.c.h; path = GTButtonCell.h; sourceTree = "<group>"; };
		9622946419196661002861DB /* GTButtonCell.m */ = {isa = PBXFileReference; fileEncoding = 4; lastKnownFileType = sourcecode.c.objc; path = GTButtonCell.m; sourceTree = "<group>"; };
		964E8449191EB0C0008A304D /* GTSymbolViewController.h */ = {isa = PBXFileReference; fileEncoding = 4; lastKnownFileType = sourcecode.c.h; path = GTSymbolViewController.h; sourceTree = "<group>"; };
		964E844A191EB0C0008A304D /* GTSymbolViewController.m */ = {isa = PBXFileReference; fileEncoding = 4; lastKnownFileType = sourcecode.c.objc; path = GTSymbolViewController.m; sourceTree = "<group>"; };
		9655482E191E7F5F00699CC9 /* GTZalgoFooterView.h */ = {isa = PBXFileReference; fileEncoding = 4; lastKnownFileType = sourcecode.c.h; path = GTZalgoFooterView.h; sourceTree = "<group>"; };
		9655482F191E7F5F00699CC9 /* GTZalgoFooterView.m */ = {isa = PBXFileReference; fileEncoding = 4; lastKnownFileType = sourcecode.c.objc; path = GTZalgoFooterView.m; sourceTree = "<group>"; };
		96554831191E84B900699CC9 /* GTTextRange.h */ = {isa = PBXFileReference; fileEncoding = 4; lastKnownFileType = sourcecode.c.h; path = GTTextRange.h; sourceTree = "<group>"; };
		96554832191E84B900699CC9 /* GTTextRange.m */ = {isa = PBXFileReference; fileEncoding = 4; lastKnownFileType = sourcecode.c.objc; path = GTTextRange.m; sourceTree = "<group>"; };
		968B72E1190FE11C00D2B288 /* GlitchText.app */ = {isa = PBXFileReference; explicitFileType = wrapper.application; includeInIndex = 0; path = GlitchText.app; sourceTree = BUILT_PRODUCTS_DIR; };
		968B72E4190FE11C00D2B288 /* Foundation.framework */ = {isa = PBXFileReference; lastKnownFileType = wrapper.framework; name = Foundation.framework; path = System/Library/Frameworks/Foundation.framework; sourceTree = SDKROOT; };
		968B72E6190FE11C00D2B288 /* CoreGraphics.framework */ = {isa = PBXFileReference; lastKnownFileType = wrapper.framework; name = CoreGraphics.framework; path = System/Library/Frameworks/CoreGraphics.framework; sourceTree = SDKROOT; };
		968B72E8190FE11C00D2B288 /* UIKit.framework */ = {isa = PBXFileReference; lastKnownFileType = wrapper.framework; name = UIKit.framework; path = System/Library/Frameworks/UIKit.framework; sourceTree = SDKROOT; };
		968B72EC190FE11C00D2B288 /* GlitchText-Info.plist */ = {isa = PBXFileReference; lastKnownFileType = text.plist.xml; path = "GlitchText-Info.plist"; sourceTree = "<group>"; };
		968B72EE190FE11C00D2B288 /* en */ = {isa = PBXFileReference; lastKnownFileType = text.plist.strings; name = en; path = en.lproj/InfoPlist.strings; sourceTree = "<group>"; };
		968B72F0190FE11C00D2B288 /* main.m */ = {isa = PBXFileReference; lastKnownFileType = sourcecode.c.objc; path = main.m; sourceTree = "<group>"; };
		968B72F2190FE11C00D2B288 /* GlitchText-Prefix.pch */ = {isa = PBXFileReference; lastKnownFileType = sourcecode.c.h; path = "GlitchText-Prefix.pch"; sourceTree = "<group>"; };
		968B72F3190FE11C00D2B288 /* GTAppDelegate.h */ = {isa = PBXFileReference; lastKnownFileType = sourcecode.c.h; path = GTAppDelegate.h; sourceTree = "<group>"; };
		968B72F4190FE11C00D2B288 /* GTAppDelegate.m */ = {isa = PBXFileReference; lastKnownFileType = sourcecode.c.objc; path = GTAppDelegate.m; sourceTree = "<group>"; };
		968B72F7190FE11C00D2B288 /* Base */ = {isa = PBXFileReference; lastKnownFileType = file.storyboard; name = Base; path = Base.lproj/Main_iPhone.storyboard; sourceTree = "<group>"; };
		968B72FA190FE11C00D2B288 /* Base */ = {isa = PBXFileReference; lastKnownFileType = file.storyboard; name = Base; path = Base.lproj/Main_iPad.storyboard; sourceTree = "<group>"; };
		968B72FC190FE11C00D2B288 /* GTMainViewController.h */ = {isa = PBXFileReference; lastKnownFileType = sourcecode.c.h; path = GTMainViewController.h; sourceTree = "<group>"; };
		968B72FD190FE11C00D2B288 /* GTMainViewController.m */ = {isa = PBXFileReference; lastKnownFileType = sourcecode.c.objc; path = GTMainViewController.m; sourceTree = "<group>"; };
		968B72FF190FE11C00D2B288 /* Images.xcassets */ = {isa = PBXFileReference; lastKnownFileType = folder.assetcatalog; path = Images.xcassets; sourceTree = "<group>"; };
		968B7305190FE11C00D2B288 /* GlitchTextTests.xctest */ = {isa = PBXFileReference; explicitFileType = wrapper.cfbundle; includeInIndex = 0; path = GlitchTextTests.xctest; sourceTree = BUILT_PRODUCTS_DIR; };
		968B7306190FE11C00D2B288 /* XCTest.framework */ = {isa = PBXFileReference; lastKnownFileType = wrapper.framework; name = XCTest.framework; path = Library/Frameworks/XCTest.framework; sourceTree = DEVELOPER_DIR; };
		968B730E190FE11C00D2B288 /* GlitchTextTests-Info.plist */ = {isa = PBXFileReference; lastKnownFileType = text.plist.xml; path = "GlitchTextTests-Info.plist"; sourceTree = "<group>"; };
		968B7310190FE11C00D2B288 /* en */ = {isa = PBXFileReference; lastKnownFileType = text.plist.strings; name = en; path = en.lproj/InfoPlist.strings; sourceTree = "<group>"; };
		968B7312190FE11C00D2B288 /* GlitchTextTests.m */ = {isa = PBXFileReference; lastKnownFileType = sourcecode.c.objc; path = GlitchTextTests.m; sourceTree = "<group>"; };
		96AF73F719196382007BB4DD /* GTGlitchViewController.h */ = {isa = PBXFileReference; fileEncoding = 4; lastKnownFileType = sourcecode.c.h; path = GTGlitchViewController.h; sourceTree = "<group>"; };
		96AF73F819196382007BB4DD /* GTGlitchViewController.m */ = {isa = PBXFileReference; fileEncoding = 4; lastKnownFileType = sourcecode.c.objc; path = GTGlitchViewController.m; sourceTree = "<group>"; };
		96D0D7FD19194EB700542773 /* GTFontTableViewController.h */ = {isa = PBXFileReference; fileEncoding = 4; lastKnownFileType = sourcecode.c.h; path = GTFontTableViewController.h; sourceTree = "<group>"; };
		96D0D7FE19194EB700542773 /* GTFontTableViewController.m */ = {isa = PBXFileReference; fileEncoding = 4; lastKnownFileType = sourcecode.c.objc; path = GTFontTableViewController.m; sourceTree = "<group>"; };
		96D16CD719196F3E00A56728 /* GTSectionHeaderView.h */ = {isa = PBXFileReference; fileEncoding = 4; lastKnownFileType = sourcecode.c.h; path = GTSectionHeaderView.h; sourceTree = "<group>"; };
		96D16CD819196F3E00A56728 /* GTSectionHeaderView.m */ = {isa = PBXFileReference; fileEncoding = 4; lastKnownFileType = sourcecode.c.objc; path = GTSectionHeaderView.m; sourceTree = "<group>"; };
		96D3870F191B486D00989B8F /* NSArray+GlitchText.h */ = {isa = PBXFileReference; fileEncoding = 4; lastKnownFileType = sourcecode.c.h; path = "NSArray+GlitchText.h"; sourceTree = "<group>"; };
		96D38710191B486D00989B8F /* NSArray+GlitchText.m */ = {isa = PBXFileReference; fileEncoding = 4; lastKnownFileType = sourcecode.c.objc; path = "NSArray+GlitchText.m"; sourceTree = "<group>"; };
		96D38713191B531F00989B8F /* GTTextView.h */ = {isa = PBXFileReference; fileEncoding = 4; lastKnownFileType = sourcecode.c.h; path = GTTextView.h; sourceTree = "<group>"; };
		96D38714191B531F00989B8F /* GTTextView.m */ = {isa = PBXFileReference; fileEncoding = 4; lastKnownFileType = sourcecode.c.objc; path = GTTextView.m; sourceTree = "<group>"; };
		96D38717191B57AA00989B8F /* GTFixedHeaderLayout.h */ = {isa = PBXFileReference; fileEncoding = 4; lastKnownFileType = sourcecode.c.h; path = GTFixedHeaderLayout.h; sourceTree = "<group>"; };
		96D38718191B57AA00989B8F /* GTFixedHeaderLayout.m */ = {isa = PBXFileReference; fileEncoding = 4; lastKnownFileType = sourcecode.c.objc; path = GTFixedHeaderLayout.m; sourceTree = "<group>"; };
		96E43223191559F800D617C2 /* GTZalgo.h */ = {isa = PBXFileReference; fileEncoding = 4; lastKnownFileType = sourcecode.c.h; path = GTZalgo.h; sourceTree = "<group>"; };
		96E43224191559F800D617C2 /* GTZalgo.m */ = {isa = PBXFileReference; fileEncoding = 4; lastKnownFileType = sourcecode.c.objc; path = GTZalgo.m; sourceTree = "<group>"; };
		96E432261915615900D617C2 /* NSString+GlitchText.h */ = {isa = PBXFileReference; fileEncoding = 4; lastKnownFileType = sourcecode.c.h; path = "NSString+GlitchText.h"; sourceTree = "<group>"; };
		96E432271915615900D617C2 /* NSString+GlitchText.m */ = {isa = PBXFileReference; fileEncoding = 4; lastKnownFileType = sourcecode.c.objc; path = "NSString+GlitchText.m"; sourceTree = "<group>"; };
		AF720A5749044690B4751E51 /* Pods.xcconfig */ = {isa = PBXFileReference; includeInIndex = 1; lastKnownFileType = text.xcconfig; name = Pods.xcconfig; path = Pods/Pods.xcconfig; sourceTree = "<group>"; };
/* End PBXFileReference section */

/* Begin PBXFrameworksBuildPhase section */
		968B72DE190FE11C00D2B288 /* Frameworks */ = {
			isa = PBXFrameworksBuildPhase;
			buildActionMask = 2147483647;
			files = (
				968B72E7190FE11C00D2B288 /* CoreGraphics.framework in Frameworks */,
				968B72E9190FE11C00D2B288 /* UIKit.framework in Frameworks */,
				968B72E5190FE11C00D2B288 /* Foundation.framework in Frameworks */,
				305A72C2A2B04B79BABB4A5B /* libPods.a in Frameworks */,
			);
			runOnlyForDeploymentPostprocessing = 0;
		};
		968B7302190FE11C00D2B288 /* Frameworks */ = {
			isa = PBXFrameworksBuildPhase;
			buildActionMask = 2147483647;
			files = (
				968B7307190FE11C00D2B288 /* XCTest.framework in Frameworks */,
				968B7309190FE11C00D2B288 /* UIKit.framework in Frameworks */,
				968B7308190FE11C00D2B288 /* Foundation.framework in Frameworks */,
			);
			runOnlyForDeploymentPostprocessing = 0;
		};
/* End PBXFrameworksBuildPhase section */

/* Begin PBXGroup section */
		964E8448191EB0A5008A304D /* Symbol */ = {
			isa = PBXGroup;
			children = (
				964E8449191EB0C0008A304D /* GTSymbolViewController.h */,
				964E844A191EB0C0008A304D /* GTSymbolViewController.m */,
			);
			name = Symbol;
			sourceTree = "<group>";
		};
		968B72D8190FE11C00D2B288 = {
			isa = PBXGroup;
			children = (
				968B72EA190FE11C00D2B288 /* GlitchText */,
				968B730C190FE11C00D2B288 /* GlitchTextTests */,
				968B72E3190FE11C00D2B288 /* Frameworks */,
				968B72E2190FE11C00D2B288 /* Products */,
				AF720A5749044690B4751E51 /* Pods.xcconfig */,
			);
			sourceTree = "<group>";
		};
		968B72E2190FE11C00D2B288 /* Products */ = {
			isa = PBXGroup;
			children = (
				968B72E1190FE11C00D2B288 /* GlitchText.app */,
				968B7305190FE11C00D2B288 /* GlitchTextTests.xctest */,
			);
			name = Products;
			sourceTree = "<group>";
		};
		968B72E3190FE11C00D2B288 /* Frameworks */ = {
			isa = PBXGroup;
			children = (
				968B72E4190FE11C00D2B288 /* Foundation.framework */,
				968B72E6190FE11C00D2B288 /* CoreGraphics.framework */,
				968B72E8190FE11C00D2B288 /* UIKit.framework */,
				968B7306190FE11C00D2B288 /* XCTest.framework */,
				861D5B4AEACB43098D113584 /* libPods.a */,
			);
			name = Frameworks;
			sourceTree = "<group>";
		};
		968B72EA190FE11C00D2B288 /* GlitchText */ = {
			isa = PBXGroup;
			children = (
				968B72F3190FE11C00D2B288 /* GTAppDelegate.h */,
				968B72F4190FE11C00D2B288 /* GTAppDelegate.m */,
				968B72F6190FE11C00D2B288 /* Main_iPhone.storyboard */,
				968B72F9190FE11C00D2B288 /* Main_iPad.storyboard */,
				96D16CDA1919873F00A56728 /* Glitch */,
				964E8448191EB0A5008A304D /* Symbol */,
				96D38712191B52C500989B8F /* Categories */,
				96D38716191B576C00989B8F /* UIComponents */,
				968B72FC190FE11C00D2B288 /* GTMainViewController.h */,
				968B72FD190FE11C00D2B288 /* GTMainViewController.m */,
				96D0D7FD19194EB700542773 /* GTFontTableViewController.h */,
				96D0D7FE19194EB700542773 /* GTFontTableViewController.m */,
				96E43223191559F800D617C2 /* GTZalgo.h */,
				96E43224191559F800D617C2 /* GTZalgo.m */,
				968B72FF190FE11C00D2B288 /* Images.xcassets */,
				968B72EB190FE11C00D2B288 /* Supporting Files */,
			);
			path = GlitchText;
			sourceTree = "<group>";
		};
		968B72EB190FE11C00D2B288 /* Supporting Files */ = {
			isa = PBXGroup;
			children = (
				968B72EC190FE11C00D2B288 /* GlitchText-Info.plist */,
				968B72ED190FE11C00D2B288 /* InfoPlist.strings */,
				968B72F0190FE11C00D2B288 /* main.m */,
				968B72F2190FE11C00D2B288 /* GlitchText-Prefix.pch */,
			);
			name = "Supporting Files";
			sourceTree = "<group>";
		};
		968B730C190FE11C00D2B288 /* GlitchTextTests */ = {
			isa = PBXGroup;
			children = (
				968B7312190FE11C00D2B288 /* GlitchTextTests.m */,
				968B730D190FE11C00D2B288 /* Supporting Files */,
			);
			path = GlitchTextTests;
			sourceTree = "<group>";
		};
		968B730D190FE11C00D2B288 /* Supporting Files */ = {
			isa = PBXGroup;
			children = (
				968B730E190FE11C00D2B288 /* GlitchTextTests-Info.plist */,
				968B730F190FE11C00D2B288 /* InfoPlist.strings */,
			);
			name = "Supporting Files";
			sourceTree = "<group>";
		};
		96D16CDA1919873F00A56728 /* Glitch */ = {
			isa = PBXGroup;
			children = (
				96AF73F719196382007BB4DD /* GTGlitchViewController.h */,
				96AF73F819196382007BB4DD /* GTGlitchViewController.m */,
				9655482E191E7F5F00699CC9 /* GTZalgoFooterView.h */,
				9655482F191E7F5F00699CC9 /* GTZalgoFooterView.m */,
			);
			name = Glitch;
			sourceTree = "<group>";
		};
		96D38712191B52C500989B8F /* Categories */ = {
			isa = PBXGroup;
			children = (
				96E432261915615900D617C2 /* NSString+GlitchText.h */,
				96E432271915615900D617C2 /* NSString+GlitchText.m */,
				96D3870F191B486D00989B8F /* NSArray+GlitchText.h */,
				96D38710191B486D00989B8F /* NSArray+GlitchText.m */,
			);
			name = Categories;
			sourceTree = "<group>";
		};
		96D38716191B576C00989B8F /* UIComponents */ = {
			isa = PBXGroup;
			children = (
				96D16CD719196F3E00A56728 /* GTSectionHeaderView.h */,
				96D16CD819196F3E00A56728 /* GTSectionHeaderView.m */,
				9622946319196661002861DB /* GTButtonCell.h */,
				9622946419196661002861DB /* GTButtonCell.m */,
				96554831191E84B900699CC9 /* GTTextRange.h */,
				96554832191E84B900699CC9 /* GTTextRange.m */,
				96D38713191B531F00989B8F /* GTTextView.h */,
				96D38714191B531F00989B8F /* GTTextView.m */,
				96D38717191B57AA00989B8F /* GTFixedHeaderLayout.h */,
				96D38718191B57AA00989B8F /* GTFixedHeaderLayout.m */,
			);
			name = UIComponents;
			sourceTree = "<group>";
		};
/* End PBXGroup section */

/* Begin PBXNativeTarget section */
		968B72E0190FE11C00D2B288 /* GlitchText */ = {
			isa = PBXNativeTarget;
			buildConfigurationList = 968B7316190FE11C00D2B288 /* Build configuration list for PBXNativeTarget "GlitchText" */;
			buildPhases = (
				6E6D782D6BCB41769FE36A25 /* Check Pods Manifest.lock */,
				968B72DD190FE11C00D2B288 /* Sources */,
				968B72DE190FE11C00D2B288 /* Frameworks */,
				968B72DF190FE11C00D2B288 /* Resources */,
				433052EED12F4E8883B403B2 /* Copy Pods Resources */,
			);
			buildRules = (
			);
			dependencies = (
			);
			name = GlitchText;
			productName = GlitchText;
			productReference = 968B72E1190FE11C00D2B288 /* GlitchText.app */;
			productType = "com.apple.product-type.application";
		};
		968B7304190FE11C00D2B288 /* GlitchTextTests */ = {
			isa = PBXNativeTarget;
			buildConfigurationList = 968B7319190FE11C00D2B288 /* Build configuration list for PBXNativeTarget "GlitchTextTests" */;
			buildPhases = (
				968B7301190FE11C00D2B288 /* Sources */,
				968B7302190FE11C00D2B288 /* Frameworks */,
				968B7303190FE11C00D2B288 /* Resources */,
			);
			buildRules = (
			);
			dependencies = (
				968B730B190FE11C00D2B288 /* PBXTargetDependency */,
			);
			name = GlitchTextTests;
			productName = GlitchTextTests;
			productReference = 968B7305190FE11C00D2B288 /* GlitchTextTests.xctest */;
			productType = "com.apple.product-type.bundle.unit-test";
		};
/* End PBXNativeTarget section */

/* Begin PBXProject section */
		968B72D9190FE11C00D2B288 /* Project object */ = {
			isa = PBXProject;
			attributes = {
				CLASSPREFIX = GTX;
				LastUpgradeCheck = 0510;
				ORGANIZATIONNAME = bguo;
				TargetAttributes = {
					968B7304190FE11C00D2B288 = {
						TestTargetID = 968B72E0190FE11C00D2B288;
					};
				};
			};
			buildConfigurationList = 968B72DC190FE11C00D2B288 /* Build configuration list for PBXProject "GlitchText" */;
			compatibilityVersion = "Xcode 3.2";
			developmentRegion = English;
			hasScannedForEncodings = 0;
			knownRegions = (
				en,
				Base,
			);
			mainGroup = 968B72D8190FE11C00D2B288;
			productRefGroup = 968B72E2190FE11C00D2B288 /* Products */;
			projectDirPath = "";
			projectRoot = "";
			targets = (
				968B72E0190FE11C00D2B288 /* GlitchText */,
				968B7304190FE11C00D2B288 /* GlitchTextTests */,
			);
		};
/* End PBXProject section */

/* Begin PBXResourcesBuildPhase section */
		968B72DF190FE11C00D2B288 /* Resources */ = {
			isa = PBXResourcesBuildPhase;
			buildActionMask = 2147483647;
			files = (
				968B72FB190FE11C00D2B288 /* Main_iPad.storyboard in Resources */,
				968B7300190FE11C00D2B288 /* Images.xcassets in Resources */,
				968B72F8190FE11C00D2B288 /* Main_iPhone.storyboard in Resources */,
				968B72EF190FE11C00D2B288 /* InfoPlist.strings in Resources */,
			);
			runOnlyForDeploymentPostprocessing = 0;
		};
		968B7303190FE11C00D2B288 /* Resources */ = {
			isa = PBXResourcesBuildPhase;
			buildActionMask = 2147483647;
			files = (
				968B7311190FE11C00D2B288 /* InfoPlist.strings in Resources */,
			);
			runOnlyForDeploymentPostprocessing = 0;
		};
/* End PBXResourcesBuildPhase section */

/* Begin PBXShellScriptBuildPhase section */
		433052EED12F4E8883B403B2 /* Copy Pods Resources */ = {
			isa = PBXShellScriptBuildPhase;
			buildActionMask = 2147483647;
			files = (
			);
			inputPaths = (
			);
			name = "Copy Pods Resources";
			outputPaths = (
			);
			runOnlyForDeploymentPostprocessing = 0;
			shellPath = /bin/sh;
			shellScript = "\"${SRCROOT}/Pods/Pods-resources.sh\"\n";
			showEnvVarsInLog = 0;
		};
		6E6D782D6BCB41769FE36A25 /* Check Pods Manifest.lock */ = {
			isa = PBXShellScriptBuildPhase;
			buildActionMask = 2147483647;
			files = (
			);
			inputPaths = (
			);
			name = "Check Pods Manifest.lock";
			outputPaths = (
			);
			runOnlyForDeploymentPostprocessing = 0;
			shellPath = /bin/sh;
			shellScript = "diff \"${PODS_ROOT}/../Podfile.lock\" \"${PODS_ROOT}/Manifest.lock\" > /dev/null\nif [[ $? != 0 ]] ; then\n    cat << EOM\nerror: The sandbox is not in sync with the Podfile.lock. Run 'pod install' or update your CocoaPods installation.\nEOM\n    exit 1\nfi\n";
			showEnvVarsInLog = 0;
		};
/* End PBXShellScriptBuildPhase section */

/* Begin PBXSourcesBuildPhase section */
		968B72DD190FE11C00D2B288 /* Sources */ = {
			isa = PBXSourcesBuildPhase;
			buildActionMask = 2147483647;
			files = (
				96E432281915615900D617C2 /* NSString+GlitchText.m in Sources */,
				96554830191E7F5F00699CC9 /* GTZalgoFooterView.m in Sources */,
				96E43225191559F800D617C2 /* GTZalgo.m in Sources */,
				96D38711191B486D00989B8F /* NSArray+GlitchText.m in Sources */,
				968B72F5190FE11C00D2B288 /* GTAppDelegate.m in Sources */,
				96D38715191B531F00989B8F /* GTTextView.m in Sources */,
				96AF73F919196382007BB4DD /* GTGlitchViewController.m in Sources */,
				96554833191E84B900699CC9 /* GTTextRange.m in Sources */,
				9622946519196661002861DB /* GTButtonCell.m in Sources */,
				968B72FE190FE11C00D2B288 /* GTMainViewController.m in Sources */,
				964E844B191EB0C0008A304D /* GTSymbolViewController.m in Sources */,
				968B72F1190FE11C00D2B288 /* main.m in Sources */,
				96D16CD919196F3E00A56728 /* GTSectionHeaderView.m in Sources */,
				96D38719191B57AA00989B8F /* GTFixedHeaderLayout.m in Sources */,
				96D0D7FF19194EB700542773 /* GTFontTableViewController.m in Sources */,
			);
			runOnlyForDeploymentPostprocessing = 0;
		};
		968B7301190FE11C00D2B288 /* Sources */ = {
			isa = PBXSourcesBuildPhase;
			buildActionMask = 2147483647;
			files = (
				968B7313190FE11C00D2B288 /* GlitchTextTests.m in Sources */,
			);
			runOnlyForDeploymentPostprocessing = 0;
		};
/* End PBXSourcesBuildPhase section */

/* Begin PBXTargetDependency section */
		968B730B190FE11C00D2B288 /* PBXTargetDependency */ = {
			isa = PBXTargetDependency;
			target = 968B72E0190FE11C00D2B288 /* GlitchText */;
			targetProxy = 968B730A190FE11C00D2B288 /* PBXContainerItemProxy */;
		};
/* End PBXTargetDependency section */

/* Begin PBXVariantGroup section */
		968B72ED190FE11C00D2B288 /* InfoPlist.strings */ = {
			isa = PBXVariantGroup;
			children = (
				968B72EE190FE11C00D2B288 /* en */,
			);
			name = InfoPlist.strings;
			sourceTree = "<group>";
		};
		968B72F6190FE11C00D2B288 /* Main_iPhone.storyboard */ = {
			isa = PBXVariantGroup;
			children = (
				968B72F7190FE11C00D2B288 /* Base */,
			);
			name = Main_iPhone.storyboard;
			sourceTree = "<group>";
		};
		968B72F9190FE11C00D2B288 /* Main_iPad.storyboard */ = {
			isa = PBXVariantGroup;
			children = (
				968B72FA190FE11C00D2B288 /* Base */,
			);
			name = Main_iPad.storyboard;
			sourceTree = "<group>";
		};
		968B730F190FE11C00D2B288 /* InfoPlist.strings */ = {
			isa = PBXVariantGroup;
			children = (
				968B7310190FE11C00D2B288 /* en */,
			);
			name = InfoPlist.strings;
			sourceTree = "<group>";
		};
/* End PBXVariantGroup section */

/* Begin XCBuildConfiguration section */
		968B7314190FE11C00D2B288 /* Debug */ = {
			isa = XCBuildConfiguration;
			buildSettings = {
				ALWAYS_SEARCH_USER_PATHS = NO;
				CLANG_CXX_LANGUAGE_STANDARD = "gnu++0x";
				CLANG_CXX_LIBRARY = "libc++";
				CLANG_ENABLE_MODULES = YES;
				CLANG_ENABLE_OBJC_ARC = YES;
				CLANG_WARN_BOOL_CONVERSION = YES;
				CLANG_WARN_CONSTANT_CONVERSION = YES;
				CLANG_WARN_DIRECT_OBJC_ISA_USAGE = YES_ERROR;
				CLANG_WARN_EMPTY_BODY = YES;
				CLANG_WARN_ENUM_CONVERSION = YES;
				CLANG_WARN_INT_CONVERSION = YES;
				CLANG_WARN_OBJC_ROOT_CLASS = YES_ERROR;
				CLANG_WARN__DUPLICATE_METHOD_MATCH = YES;
				"CODE_SIGN_IDENTITY[sdk=iphoneos*]" = "iPhone Developer";
				COPY_PHASE_STRIP = NO;
				GCC_C_LANGUAGE_STANDARD = gnu99;
				GCC_DYNAMIC_NO_PIC = NO;
				GCC_OPTIMIZATION_LEVEL = 0;
				GCC_PREPROCESSOR_DEFINITIONS = (
					"DEBUG=1",
					"$(inherited)",
				);
				GCC_SYMBOLS_PRIVATE_EXTERN = NO;
				GCC_WARN_64_TO_32_BIT_CONVERSION = YES;
				GCC_WARN_ABOUT_RETURN_TYPE = YES_ERROR;
				GCC_WARN_UNDECLARED_SELECTOR = YES;
				GCC_WARN_UNINITIALIZED_AUTOS = YES_AGGRESSIVE;
				GCC_WARN_UNUSED_FUNCTION = YES;
				GCC_WARN_UNUSED_VARIABLE = YES;
				IPHONEOS_DEPLOYMENT_TARGET = 7.1;
				ONLY_ACTIVE_ARCH = YES;
				SDKROOT = iphoneos;
				TARGETED_DEVICE_FAMILY = "1,2";
			};
			name = Debug;
		};
		968B7315190FE11C00D2B288 /* Release */ = {
			isa = XCBuildConfiguration;
			buildSettings = {
				ALWAYS_SEARCH_USER_PATHS = NO;
				CLANG_CXX_LANGUAGE_STANDARD = "gnu++0x";
				CLANG_CXX_LIBRARY = "libc++";
				CLANG_ENABLE_MODULES = YES;
				CLANG_ENABLE_OBJC_ARC = YES;
				CLANG_WARN_BOOL_CONVERSION = YES;
				CLANG_WARN_CONSTANT_CONVERSION = YES;
				CLANG_WARN_DIRECT_OBJC_ISA_USAGE = YES_ERROR;
				CLANG_WARN_EMPTY_BODY = YES;
				CLANG_WARN_ENUM_CONVERSION = YES;
				CLANG_WARN_INT_CONVERSION = YES;
				CLANG_WARN_OBJC_ROOT_CLASS = YES_ERROR;
				CLANG_WARN__DUPLICATE_METHOD_MATCH = YES;
				"CODE_SIGN_IDENTITY[sdk=iphoneos*]" = "iPhone Developer";
				COPY_PHASE_STRIP = YES;
				ENABLE_NS_ASSERTIONS = NO;
				GCC_C_LANGUAGE_STANDARD = gnu99;
				GCC_WARN_64_TO_32_BIT_CONVERSION = YES;
				GCC_WARN_ABOUT_RETURN_TYPE = YES_ERROR;
				GCC_WARN_UNDECLARED_SELECTOR = YES;
				GCC_WARN_UNINITIALIZED_AUTOS = YES_AGGRESSIVE;
				GCC_WARN_UNUSED_FUNCTION = YES;
				GCC_WARN_UNUSED_VARIABLE = YES;
				IPHONEOS_DEPLOYMENT_TARGET = 7.1;
				SDKROOT = iphoneos;
				TARGETED_DEVICE_FAMILY = "1,2";
				VALIDATE_PRODUCT = YES;
			};
			name = Release;
		};
		968B7317190FE11C00D2B288 /* Debug */ = {
			isa = XCBuildConfiguration;
			baseConfigurationReference = AF720A5749044690B4751E51 /* Pods.xcconfig */;
			buildSettings = {
				ASSETCATALOG_COMPILER_APPICON_NAME = AppIcon;
				ASSETCATALOG_COMPILER_LAUNCHIMAGE_NAME = LaunchImage;
				GCC_PRECOMPILE_PREFIX_HEADER = YES;
				GCC_PREFIX_HEADER = "GlitchText/GlitchText-Prefix.pch";
				INFOPLIST_FILE = "GlitchText/GlitchText-Info.plist";
				IPHONEOS_DEPLOYMENT_TARGET = 6.0;
				PRODUCT_NAME = "$(TARGET_NAME)";
				WRAPPER_EXTENSION = app;
			};
			name = Debug;
		};
		968B7318190FE11C00D2B288 /* Release */ = {
			isa = XCBuildConfiguration;
			baseConfigurationReference = AF720A5749044690B4751E51 /* Pods.xcconfig */;
			buildSettings = {
				ASSETCATALOG_COMPILER_APPICON_NAME = AppIcon;
				ASSETCATALOG_COMPILER_LAUNCHIMAGE_NAME = LaunchImage;
				GCC_PRECOMPILE_PREFIX_HEADER = YES;
				GCC_PREFIX_HEADER = "GlitchText/GlitchText-Prefix.pch";
				INFOPLIST_FILE = "GlitchText/GlitchText-Info.plist";
				IPHONEOS_DEPLOYMENT_TARGET = 6.0;
				PRODUCT_NAME = "$(TARGET_NAME)";
				WRAPPER_EXTENSION = app;
			};
			name = Release;
		};
		968B731A190FE11C00D2B288 /* Debug */ = {
			isa = XCBuildConfiguration;
			buildSettings = {
				BUNDLE_LOADER = "$(BUILT_PRODUCTS_DIR)/GlitchText.app/GlitchText";
				FRAMEWORK_SEARCH_PATHS = (
					"$(SDKROOT)/Developer/Library/Frameworks",
					"$(inherited)",
					"$(DEVELOPER_FRAMEWORKS_DIR)",
				);
				GCC_PRECOMPILE_PREFIX_HEADER = YES;
				GCC_PREFIX_HEADER = "GlitchText/GlitchText-Prefix.pch";
				GCC_PREPROCESSOR_DEFINITIONS = (
					"DEBUG=1",
					"$(inherited)",
				);
				INFOPLIST_FILE = "GlitchTextTests/GlitchTextTests-Info.plist";
				PRODUCT_NAME = "$(TARGET_NAME)";
				TEST_HOST = "$(BUNDLE_LOADER)";
				WRAPPER_EXTENSION = xctest;
			};
			name = Debug;
		};
		968B731B190FE11C00D2B288 /* Release */ = {
			isa = XCBuildConfiguration;
			buildSettings = {
				BUNDLE_LOADER = "$(BUILT_PRODUCTS_DIR)/GlitchText.app/GlitchText";
				FRAMEWORK_SEARCH_PATHS = (
					"$(SDKROOT)/Developer/Library/Frameworks",
					"$(inherited)",
					"$(DEVELOPER_FRAMEWORKS_DIR)",
				);
				GCC_PRECOMPILE_PREFIX_HEADER = YES;
				GCC_PREFIX_HEADER = "GlitchText/GlitchText-Prefix.pch";
				INFOPLIST_FILE = "GlitchTextTests/GlitchTextTests-Info.plist";
				PRODUCT_NAME = "$(TARGET_NAME)";
				TEST_HOST = "$(BUNDLE_LOADER)";
				WRAPPER_EXTENSION = xctest;
			};
			name = Release;
		};
/* End XCBuildConfiguration section */

/* Begin XCConfigurationList section */
		968B72DC190FE11C00D2B288 /* Build configuration list for PBXProject "GlitchText" */ = {
			isa = XCConfigurationList;
			buildConfigurations = (
				968B7314190FE11C00D2B288 /* Debug */,
				968B7315190FE11C00D2B288 /* Release */,
			);
			defaultConfigurationIsVisible = 0;
			defaultConfigurationName = Release;
		};
		968B7316190FE11C00D2B288 /* Build configuration list for PBXNativeTarget "GlitchText" */ = {
			isa = XCConfigurationList;
			buildConfigurations = (
				968B7317190FE11C00D2B288 /* Debug */,
				968B7318190FE11C00D2B288 /* Release */,
			);
			defaultConfigurationIsVisible = 0;
			defaultConfigurationName = Release;
		};
		968B7319190FE11C00D2B288 /* Build configuration list for PBXNativeTarget "GlitchTextTests" */ = {
			isa = XCConfigurationList;
			buildConfigurations = (
				968B731A190FE11C00D2B288 /* Debug */,
				968B731B190FE11C00D2B288 /* Release */,
			);
			defaultConfigurationIsVisible = 0;
			defaultConfigurationName = Release;
		};
/* End XCConfigurationList section */
	};
	rootObject = 968B72D9190FE11C00D2B288 /* Project object */;
}
